
Microsoft Visual Studio Solution File, Format Version 12.00
# Visual Studio Version 17
VisualStudioVersion = 17.3.32804.467
MinimumVisualStudioVersion = 10.0.40219.1
Project("{FAE04EC0-301F-11D3-BF4B-00C04F79EFBC}") = "WhereYouAtCoreApi", "WhereYouAtCoreApi\WhereYouAtCoreApi.csproj", "{2AA13DE9-771A-42B0-B5BF-5FA219236CDA}"
EndProject
Global
	GlobalSection(SolutionConfigurationPlatforms) = preSolution
		Debug|Any CPU = Debug|Any CPU
		Release|Any CPU = Release|Any CPU
	EndGlobalSection
	GlobalSection(ProjectConfigurationPlatforms) = postSolution
		{2AA13DE9-771A-42B0-B5BF-5FA219236CDA}.Debug|Any CPU.ActiveCfg = Debug|Any CPU
		{2AA13DE9-771A-42B0-B5BF-5FA219236CDA}.Debug|Any CPU.Build.0 = Debug|Any CPU
		{2AA13DE9-771A-42B0-B5BF-5FA219236CDA}.Release|Any CPU.ActiveCfg = Release|Any CPU
		{2AA13DE9-771A-42B0-B5BF-5FA219236CDA}.Release|Any CPU.Build.0 = Release|Any CPU
	EndGlobalSection
	GlobalSection(SolutionProperties) = preSolution
		HideSolutionNode = FALSE
	EndGlobalSection
	GlobalSection(ExtensibilityGlobals) = postSolution
		SolutionGuid = {CDA21B2B-3B8E-4F4F-9ADE-FE641E143B3E}
	EndGlobalSection
EndGlobal
